// !$*UTF8*$!
{
	archiveVersion = 1;
	classes = {
	};
	objectVersion = 50;
	objects = {

/* Begin PBXBuildFile section */
		4C580DAA21A76B6C00694AF8 /* AppDelegate.swift in Sources */ = {isa = PBXBuildFile; fileRef = 4C580DA921A76B6C00694AF8 /* AppDelegate.swift */; };
		4C580DAF21A76B6C00694AF8 /* Main.storyboard in Resources */ = {isa = PBXBuildFile; fileRef = 4C580DAD21A76B6C00694AF8 /* Main.storyboard */; };
		4C580DB121A76B6F00694AF8 /* Assets.xcassets in Resources */ = {isa = PBXBuildFile; fileRef = 4C580DB021A76B6F00694AF8 /* Assets.xcassets */; };
		4C580DB421A76B6F00694AF8 /* LaunchScreen.storyboard in Resources */ = {isa = PBXBuildFile; fileRef = 4C580DB221A76B6F00694AF8 /* LaunchScreen.storyboard */; };
		4C580DBD21A770DD00694AF8 /* sports_week_2.json in Resources */ = {isa = PBXBuildFile; fileRef = 4C580DBB21A770DC00694AF8 /* sports_week_2.json */; };
		4C580DBE21A770DD00694AF8 /* sports_week_1.json in Resources */ = {isa = PBXBuildFile; fileRef = 4C580DBC21A770DC00694AF8 /* sports_week_1.json */; };
		4C580DD121A7717200694AF8 /* basketball.png in Resources */ = {isa = PBXBuildFile; fileRef = 4C580DC021A7717000694AF8 /* basketball.png */; };
		4C580DD221A7717200694AF8 /* caterpillar.png in Resources */ = {isa = PBXBuildFile; fileRef = 4C580DC121A7717000694AF8 /* caterpillar.png */; };
		4C580DD321A7717200694AF8 /* hockey.png in Resources */ = {isa = PBXBuildFile; fileRef = 4C580DC221A7717000694AF8 /* hockey.png */; };
		4C580DD421A7717200694AF8 /* ladybugs.png in Resources */ = {isa = PBXBuildFile; fileRef = 4C580DC321A7717000694AF8 /* ladybugs.png */; };
		4C580DD521A7717200694AF8 /* pig.png in Resources */ = {isa = PBXBuildFile; fileRef = 4C580DC421A7717000694AF8 /* pig.png */; };
		4C580DD621A7717200694AF8 /* fish.png in Resources */ = {isa = PBXBuildFile; fileRef = 4C580DC521A7717000694AF8 /* fish.png */; };
		4C580DD721A7717200694AF8 /* crab.png in Resources */ = {isa = PBXBuildFile; fileRef = 4C580DC621A7717000694AF8 /* crab.png */; };
		4C580DD821A7717200694AF8 /* kitten.png in Resources */ = {isa = PBXBuildFile; fileRef = 4C580DC721A7717100694AF8 /* kitten.png */; };
		4C580DD921A7717200694AF8 /* dolphin.png in Resources */ = {isa = PBXBuildFile; fileRef = 4C580DC821A7717100694AF8 /* dolphin.png */; };
		4C580DDA21A7717200694AF8 /* sheep.png in Resources */ = {isa = PBXBuildFile; fileRef = 4C580DC921A7717100694AF8 /* sheep.png */; };
		4C580DDB21A7717200694AF8 /* bear.png in Resources */ = {isa = PBXBuildFile; fileRef = 4C580DCA21A7717100694AF8 /* bear.png */; };
		4C580DDC21A7717200694AF8 /* dinosaur.png in Resources */ = {isa = PBXBuildFile; fileRef = 4C580DCB21A7717100694AF8 /* dinosaur.png */; };
		4C580DDD21A7717200694AF8 /* rabbit.png in Resources */ = {isa = PBXBuildFile; fileRef = 4C580DCC21A7717100694AF8 /* rabbit.png */; };
		4C580DDE21A7717200694AF8 /* squid.png in Resources */ = {isa = PBXBuildFile; fileRef = 4C580DCD21A7717100694AF8 /* squid.png */; };
		4C580DDF21A7717200694AF8 /* bee.png in Resources */ = {isa = PBXBuildFile; fileRef = 4C580DCE21A7717100694AF8 /* bee.png */; };
		4C580DE021A7717200694AF8 /* baseball.png in Resources */ = {isa = PBXBuildFile; fileRef = 4C580DCF21A7717100694AF8 /* baseball.png */; };
		4C580DE121A7717200694AF8 /* snail.png in Resources */ = {isa = PBXBuildFile; fileRef = 4C580DD021A7717200694AF8 /* snail.png */; };
		4C580E5D21AC4DA000694AF8 /* WeeksTableViewController.swift in Sources */ = {isa = PBXBuildFile; fileRef = 4C580E5C21AC4DA000694AF8 /* WeeksTableViewController.swift */; };
		4C580E5F21AC52B900694AF8 /* LeagueTableViewController.swift in Sources */ = {isa = PBXBuildFile; fileRef = 4C580E5E21AC52B900694AF8 /* LeagueTableViewController.swift */; };
		4C580E6121AC550A00694AF8 /* GamesTableViewController.swift in Sources */ = {isa = PBXBuildFile; fileRef = 4C580E6021AC550A00694AF8 /* GamesTableViewController.swift */; };
		4C580E6321AC613300694AF8 /* GameTableViewCell.swift in Sources */ = {isa = PBXBuildFile; fileRef = 4C580E6221AC613300694AF8 /* GameTableViewCell.swift */; };
		4C580E6521AC695300694AF8 /* SwiftyJSON.swift in Sources */ = {isa = PBXBuildFile; fileRef = 4C580E6421AC695300694AF8 /* SwiftyJSON.swift */; };
/* End PBXBuildFile section */

/* Begin PBXFileReference section */
		4C580DA621A76B6C00694AF8 /* Sports App.app */ = {isa = PBXFileReference; explicitFileType = wrapper.application; includeInIndex = 0; path = "Sports App.app"; sourceTree = BUILT_PRODUCTS_DIR; };
		4C580DA921A76B6C00694AF8 /* AppDelegate.swift */ = {isa = PBXFileReference; lastKnownFileType = sourcecode.swift; path = AppDelegate.swift; sourceTree = "<group>"; };
		4C580DAE21A76B6C00694AF8 /* Base */ = {isa = PBXFileReference; lastKnownFileType = file.storyboard; name = Base; path = Base.lproj/Main.storyboard; sourceTree = "<group>"; };
		4C580DB021A76B6F00694AF8 /* Assets.xcassets */ = {isa = PBXFileReference; lastKnownFileType = folder.assetcatalog; path = Assets.xcassets; sourceTree = "<group>"; };
		4C580DB321A76B6F00694AF8 /* Base */ = {isa = PBXFileReference; lastKnownFileType = file.storyboard; name = Base; path = Base.lproj/LaunchScreen.storyboard; sourceTree = "<group>"; };
		4C580DB521A76B6F00694AF8 /* Info.plist */ = {isa = PBXFileReference; lastKnownFileType = text.plist.xml; path = Info.plist; sourceTree = "<group>"; };
		4C580DBB21A770DC00694AF8 /* sports_week_2.json */ = {isa = PBXFileReference; fileEncoding = 4; lastKnownFileType = text.json; path = sports_week_2.json; sourceTree = "<group>"; };
		4C580DBC21A770DC00694AF8 /* sports_week_1.json */ = {isa = PBXFileReference; fileEncoding = 4; lastKnownFileType = text.json; path = sports_week_1.json; sourceTree = "<group>"; };
		4C580DC021A7717000694AF8 /* basketball.png */ = {isa = PBXFileReference; lastKnownFileType = image.png; path = basketball.png; sourceTree = "<group>"; };
		4C580DC121A7717000694AF8 /* caterpillar.png */ = {isa = PBXFileReference; lastKnownFileType = image.png; path = caterpillar.png; sourceTree = "<group>"; };
		4C580DC221A7717000694AF8 /* hockey.png */ = {isa = PBXFileReference; lastKnownFileType = image.png; path = hockey.png; sourceTree = "<group>"; };
		4C580DC321A7717000694AF8 /* ladybugs.png */ = {isa = PBXFileReference; lastKnownFileType = image.png; path = ladybugs.png; sourceTree = "<group>"; };
		4C580DC421A7717000694AF8 /* pig.png */ = {isa = PBXFileReference; lastKnownFileType = image.png; path = pig.png; sourceTree = "<group>"; };
		4C580DC521A7717000694AF8 /* fish.png */ = {isa = PBXFileReference; lastKnownFileType = image.png; path = fish.png; sourceTree = "<group>"; };
		4C580DC621A7717000694AF8 /* crab.png */ = {isa = PBXFileReference; lastKnownFileType = image.png; path = crab.png; sourceTree = "<group>"; };
		4C580DC721A7717100694AF8 /* kitten.png */ = {isa = PBXFileReference; lastKnownFileType = image.png; path = kitten.png; sourceTree = "<group>"; };
		4C580DC821A7717100694AF8 /* dolphin.png */ = {isa = PBXFileReference; lastKnownFileType = image.png; path = dolphin.png; sourceTree = "<group>"; };
		4C580DC921A7717100694AF8 /* sheep.png */ = {isa = PBXFileReference; lastKnownFileType = image.png; path = sheep.png; sourceTree = "<group>"; };
		4C580DCA21A7717100694AF8 /* bear.png */ = {isa = PBXFileReference; lastKnownFileType = image.png; path = bear.png; sourceTree = "<group>"; };
		4C580DCB21A7717100694AF8 /* dinosaur.png */ = {isa = PBXFileReference; lastKnownFileType = image.png; path = dinosaur.png; sourceTree = "<group>"; };
		4C580DCC21A7717100694AF8 /* rabbit.png */ = {isa = PBXFileReference; lastKnownFileType = image.png; path = rabbit.png; sourceTree = "<group>"; };
		4C580DCD21A7717100694AF8 /* squid.png */ = {isa = PBXFileReference; lastKnownFileType = image.png; path = squid.png; sourceTree = "<group>"; };
		4C580DCE21A7717100694AF8 /* bee.png */ = {isa = PBXFileReference; lastKnownFileType = image.png; path = bee.png; sourceTree = "<group>"; };
		4C580DCF21A7717100694AF8 /* baseball.png */ = {isa = PBXFileReference; lastKnownFileType = image.png; path = baseball.png; sourceTree = "<group>"; };
		4C580DD021A7717200694AF8 /* snail.png */ = {isa = PBXFileReference; lastKnownFileType = image.png; path = snail.png; sourceTree = "<group>"; };
		4C580E5C21AC4DA000694AF8 /* WeeksTableViewController.swift */ = {isa = PBXFileReference; lastKnownFileType = sourcecode.swift; path = WeeksTableViewController.swift; sourceTree = "<group>"; };
		4C580E5E21AC52B900694AF8 /* LeagueTableViewController.swift */ = {isa = PBXFileReference; lastKnownFileType = sourcecode.swift; path = LeagueTableViewController.swift; sourceTree = "<group>"; };
		4C580E6021AC550A00694AF8 /* GamesTableViewController.swift */ = {isa = PBXFileReference; lastKnownFileType = sourcecode.swift; path = GamesTableViewController.swift; sourceTree = "<group>"; };
		4C580E6221AC613300694AF8 /* GameTableViewCell.swift */ = {isa = PBXFileReference; lastKnownFileType = sourcecode.swift; path = GameTableViewCell.swift; sourceTree = "<group>"; };
		4C580E6421AC695300694AF8 /* SwiftyJSON.swift */ = {isa = PBXFileReference; fileEncoding = 4; lastKnownFileType = sourcecode.swift; path = SwiftyJSON.swift; sourceTree = "<group>"; };
/* End PBXFileReference section */

/* Begin PBXFrameworksBuildPhase section */
		4C580DA321A76B6C00694AF8 /* Frameworks */ = {
			isa = PBXFrameworksBuildPhase;
			buildActionMask = 2147483647;
			files = (
			);
			runOnlyForDeploymentPostprocessing = 0;
		};
/* End PBXFrameworksBuildPhase section */

/* Begin PBXGroup section */
		4C580D9D21A76B6C00694AF8 = {
			isa = PBXGroup;
			children = (
				4C580DA821A76B6C00694AF8 /* Sports App */,
				4C580DA721A76B6C00694AF8 /* Products */,
			);
			sourceTree = "<group>";
		};
		4C580DA721A76B6C00694AF8 /* Products */ = {
			isa = PBXGroup;
			children = (
				4C580DA621A76B6C00694AF8 /* Sports App.app */,
			);
			name = Products;
			sourceTree = "<group>";
		};
		4C580DA821A76B6C00694AF8 /* Sports App */ = {
			isa = PBXGroup;
			children = (
				4C580E6421AC695300694AF8 /* SwiftyJSON.swift */,
				4C580DBF21A7710E00694AF8 /* images */,
				4C580E5C21AC4DA000694AF8 /* WeeksTableViewController.swift */,
				4C580DBC21A770DC00694AF8 /* sports_week_1.json */,
				4C580DBB21A770DC00694AF8 /* sports_week_2.json */,
				4C580DA921A76B6C00694AF8 /* AppDelegate.swift */,
				4C580DAD21A76B6C00694AF8 /* Main.storyboard */,
				4C580E6221AC613300694AF8 /* GameTableViewCell.swift */,
				4C580DB021A76B6F00694AF8 /* Assets.xcassets */,
				4C580DB221A76B6F00694AF8 /* LaunchScreen.storyboard */,
				4C580DB521A76B6F00694AF8 /* Info.plist */,
				4C580E5E21AC52B900694AF8 /* LeagueTableViewController.swift */,
				4C580E6021AC550A00694AF8 /* GamesTableViewController.swift */,
			);
			path = "Sports App";
			sourceTree = "<group>";
		};
		4C580DBF21A7710E00694AF8 /* images */ = {
			isa = PBXGroup;
			children = (
				4C580DCF21A7717100694AF8 /* baseball.png */,
				4C580DC021A7717000694AF8 /* basketball.png */,
				4C580DCA21A7717100694AF8 /* bear.png */,
				4C580DCE21A7717100694AF8 /* bee.png */,
				4C580DC121A7717000694AF8 /* caterpillar.png */,
				4C580DC621A7717000694AF8 /* crab.png */,
				4C580DCB21A7717100694AF8 /* dinosaur.png */,
				4C580DC821A7717100694AF8 /* dolphin.png */,
				4C580DC521A7717000694AF8 /* fish.png */,
				4C580DC221A7717000694AF8 /* hockey.png */,
				4C580DC721A7717100694AF8 /* kitten.png */,
				4C580DC321A7717000694AF8 /* ladybugs.png */,
				4C580DC421A7717000694AF8 /* pig.png */,
				4C580DCC21A7717100694AF8 /* rabbit.png */,
				4C580DC921A7717100694AF8 /* sheep.png */,
				4C580DD021A7717200694AF8 /* snail.png */,
				4C580DCD21A7717100694AF8 /* squid.png */,
			);
			path = images;
			sourceTree = "<group>";
		};
/* End PBXGroup section */

/* Begin PBXNativeTarget section */
		4C580DA521A76B6C00694AF8 /* Sports App */ = {
			isa = PBXNativeTarget;
			buildConfigurationList = 4C580DB821A76B6F00694AF8 /* Build configuration list for PBXNativeTarget "Sports App" */;
			buildPhases = (
				4C580DA221A76B6C00694AF8 /* Sources */,
				4C580DA321A76B6C00694AF8 /* Frameworks */,
				4C580DA421A76B6C00694AF8 /* Resources */,
			);
			buildRules = (
			);
			dependencies = (
			);
			name = "Sports App";
			productName = "Sports App";
			productReference = 4C580DA621A76B6C00694AF8 /* Sports App.app */;
			productType = "com.apple.product-type.application";
		};
/* End PBXNativeTarget section */

/* Begin PBXProject section */
		4C580D9E21A76B6C00694AF8 /* Project object */ = {
			isa = PBXProject;
			attributes = {
				LastSwiftUpdateCheck = 1010;
				LastUpgradeCheck = 1010;
				ORGANIZATIONNAME = CS2680;
				TargetAttributes = {
					4C580DA521A76B6C00694AF8 = {
						CreatedOnToolsVersion = 10.1;
					};
				};
			};
			buildConfigurationList = 4C580DA121A76B6C00694AF8 /* Build configuration list for PBXProject "Sports App" */;
			compatibilityVersion = "Xcode 9.3";
			developmentRegion = en;
			hasScannedForEncodings = 0;
			knownRegions = (
				en,
				Base,
			);
			mainGroup = 4C580D9D21A76B6C00694AF8;
			productRefGroup = 4C580DA721A76B6C00694AF8 /* Products */;
			projectDirPath = "";
			projectRoot = "";
			targets = (
				4C580DA521A76B6C00694AF8 /* Sports App */,
			);
		};
/* End PBXProject section */

/* Begin PBXResourcesBuildPhase section */
		4C580DA421A76B6C00694AF8 /* Resources */ = {
			isa = PBXResourcesBuildPhase;
			buildActionMask = 2147483647;
			files = (
				4C580DD521A7717200694AF8 /* pig.png in Resources */,
				4C580DD321A7717200694AF8 /* hockey.png in Resources */,
				4C580DB421A76B6F00694AF8 /* LaunchScreen.storyboard in Resources */,
				4C580DE121A7717200694AF8 /* snail.png in Resources */,
				4C580DBD21A770DD00694AF8 /* sports_week_2.json in Resources */,
				4C580DD921A7717200694AF8 /* dolphin.png in Resources */,
				4C580DDD21A7717200694AF8 /* rabbit.png in Resources */,
				4C580DDF21A7717200694AF8 /* bee.png in Resources */,
				4C580DDE21A7717200694AF8 /* squid.png in Resources */,
				4C580DDB21A7717200694AF8 /* bear.png in Resources */,
				4C580DD821A7717200694AF8 /* kitten.png in Resources */,
				4C580DB121A76B6F00694AF8 /* Assets.xcassets in Resources */,
				4C580DD221A7717200694AF8 /* caterpillar.png in Resources */,
				4C580DE021A7717200694AF8 /* baseball.png in Resources */,
				4C580DBE21A770DD00694AF8 /* sports_week_1.json in Resources */,
				4C580DD421A7717200694AF8 /* ladybugs.png in Resources */,
				4C580DDA21A7717200694AF8 /* sheep.png in Resources */,
				4C580DD121A7717200694AF8 /* basketball.png in Resources */,
				4C580DD621A7717200694AF8 /* fish.png in Resources */,
				4C580DAF21A76B6C00694AF8 /* Main.storyboard in Resources */,
				4C580DD721A7717200694AF8 /* crab.png in Resources */,
				4C580DDC21A7717200694AF8 /* dinosaur.png in Resources */,
			);
			runOnlyForDeploymentPostprocessing = 0;
		};
/* End PBXResourcesBuildPhase section */

/* Begin PBXSourcesBuildPhase section */
		4C580DA221A76B6C00694AF8 /* Sources */ = {
			isa = PBXSourcesBuildPhase;
			buildActionMask = 2147483647;
			files = (
				4C580E5F21AC52B900694AF8 /* LeagueTableViewController.swift in Sources */,
				4C580E5D21AC4DA000694AF8 /* WeeksTableViewController.swift in Sources */,
				4C580E6121AC550A00694AF8 /* GamesTableViewController.swift in Sources */,
				4C580DAA21A76B6C00694AF8 /* AppDelegate.swift in Sources */,
				4C580E6521AC695300694AF8 /* SwiftyJSON.swift in Sources */,
				4C580E6321AC613300694AF8 /* GameTableViewCell.swift in Sources */,
			);
			runOnlyForDeploymentPostprocessing = 0;
		};
/* End PBXSourcesBuildPhase section */

/* Begin PBXVariantGroup section */
		4C580DAD21A76B6C00694AF8 /* Main.storyboard */ = {
			isa = PBXVariantGroup;
			children = (
				4C580DAE21A76B6C00694AF8 /* Base */,
			);
			name = Main.storyboard;
			sourceTree = "<group>";
		};
		4C580DB221A76B6F00694AF8 /* LaunchScreen.storyboard */ = {
			isa = PBXVariantGroup;
			children = (
				4C580DB321A76B6F00694AF8 /* Base */,
			);
			name = LaunchScreen.storyboard;
			sourceTree = "<group>";
		};
/* End PBXVariantGroup section */

/* Begin XCBuildConfiguration section */
		4C580DB621A76B6F00694AF8 /* Debug */ = {
			isa = XCBuildConfiguration;
			buildSettings = {
				ALWAYS_SEARCH_USER_PATHS = NO;
				CLANG_ANALYZER_NONNULL = YES;
				CLANG_ANALYZER_NUMBER_OBJECT_CONVERSION = YES_AGGRESSIVE;
				CLANG_CXX_LANGUAGE_STANDARD = "gnu++14";
				CLANG_CXX_LIBRARY = "libc++";
				CLANG_ENABLE_MODULES = YES;
				CLANG_ENABLE_OBJC_ARC = YES;
				CLANG_ENABLE_OBJC_WEAK = YES;
				CLANG_WARN_BLOCK_CAPTURE_AUTORELEASING = YES;
				CLANG_WARN_BOOL_CONVERSION = YES;
				CLANG_WARN_COMMA = YES;
				CLANG_WARN_CONSTANT_CONVERSION = YES;
				CLANG_WARN_DEPRECATED_OBJC_IMPLEMENTATIONS = YES;
				CLANG_WARN_DIRECT_OBJC_ISA_USAGE = YES_ERROR;
				CLANG_WARN_DOCUMENTATION_COMMENTS = YES;
				CLANG_WARN_EMPTY_BODY = YES;
				CLANG_WARN_ENUM_CONVERSION = YES;
				CLANG_WARN_INFINITE_RECURSION = YES;
				CLANG_WARN_INT_CONVERSION = YES;
				CLANG_WARN_NON_LITERAL_NULL_CONVERSION = YES;
				CLANG_WARN_OBJC_IMPLICIT_RETAIN_SELF = YES;
				CLANG_WARN_OBJC_LITERAL_CONVERSION = YES;
				CLANG_WARN_OBJC_ROOT_CLASS = YES_ERROR;
				CLANG_WARN_RANGE_LOOP_ANALYSIS = YES;
				CLANG_WARN_STRICT_PROTOTYPES = YES;
				CLANG_WARN_SUSPICIOUS_MOVE = YES;
				CLANG_WARN_UNGUARDED_AVAILABILITY = YES_AGGRESSIVE;
				CLANG_WARN_UNREACHABLE_CODE = YES;
				CLANG_WARN__DUPLICATE_METHOD_MATCH = YES;
				CODE_SIGN_IDENTITY = "iPhone Developer";
				COPY_PHASE_STRIP = NO;
				DEBUG_INFORMATION_FORMAT = dwarf;
				ENABLE_STRICT_OBJC_MSGSEND = YES;
				ENABLE_TESTABILITY = YES;
				GCC_C_LANGUAGE_STANDARD = gnu11;
				GCC_DYNAMIC_NO_PIC = NO;
				GCC_NO_COMMON_BLOCKS = YES;
				GCC_OPTIMIZATION_LEVEL = 0;
				GCC_PREPROCESSOR_DEFINITIONS = (
					"DEBUG=1",
					"$(inherited)",
				);
				GCC_WARN_64_TO_32_BIT_CONVERSION = YES;
				GCC_WARN_ABOUT_RETURN_TYPE = YES_ERROR;
				GCC_WARN_UNDECLARED_SELECTOR = YES;
				GCC_WARN_UNINITIALIZED_AUTOS = YES_AGGRESSIVE;
				GCC_WARN_UNUSED_FUNCTION = YES;
				GCC_WARN_UNUSED_VARIABLE = YES;
				IPHONEOS_DEPLOYMENT_TARGET = 12.1;
				MTL_ENABLE_DEBUG_INFO = INCLUDE_SOURCE;
				MTL_FAST_MATH = YES;
				ONLY_ACTIVE_ARCH = YES;
				SDKROOT = iphoneos;
				SWIFT_ACTIVE_COMPILATION_CONDITIONS = DEBUG;
				SWIFT_OPTIMIZATION_LEVEL = "-Onone";
			};
			name = Debug;
		};
		4C580DB721A76B6F00694AF8 /* Release */ = {
			isa = XCBuildConfiguration;
			buildSettings = {
				ALWAYS_SEARCH_USER_PATHS = NO;
				CLANG_ANALYZER_NONNULL = YES;
				CLANG_ANALYZER_NUMBER_OBJECT_CONVERSION = YES_AGGRESSIVE;
				CLANG_CXX_LANGUAGE_STANDARD = "gnu++14";
				CLANG_CXX_LIBRARY = "libc++";
				CLANG_ENABLE_MODULES = YES;
				CLANG_ENABLE_OBJC_ARC = YES;
				CLANG_ENABLE_OBJC_WEAK = YES;
				CLANG_WARN_BLOCK_CAPTURE_AUTORELEASING = YES;
				CLANG_WARN_BOOL_CONVERSION = YES;
				CLANG_WARN_COMMA = YES;
				CLANG_WARN_CONSTANT_CONVERSION = YES;
				CLANG_WARN_DEPRECATED_OBJC_IMPLEMENTATIONS = YES;
				CLANG_WARN_DIRECT_OBJC_ISA_USAGE = YES_ERROR;
				CLANG_WARN_DOCUMENTATION_COMMENTS = YES;
				CLANG_WARN_EMPTY_BODY = YES;
				CLANG_WARN_ENUM_CONVERSION = YES;
				CLANG_WARN_INFINITE_RECURSION = YES;
				CLANG_WARN_INT_CONVERSION = YES;
				CLANG_WARN_NON_LITERAL_NULL_CONVERSION = YES;
				CLANG_WARN_OBJC_IMPLICIT_RETAIN_SELF = YES;
				CLANG_WARN_OBJC_LITERAL_CONVERSION = YES;
				CLANG_WARN_OBJC_ROOT_CLASS = YES_ERROR;
				CLANG_WARN_RANGE_LOOP_ANALYSIS = YES;
				CLANG_WARN_STRICT_PROTOTYPES = YES;
				CLANG_WARN_SUSPICIOUS_MOVE = YES;
				CLANG_WARN_UNGUARDED_AVAILABILITY = YES_AGGRESSIVE;
				CLANG_WARN_UNREACHABLE_CODE = YES;
				CLANG_WARN__DUPLICATE_METHOD_MATCH = YES;
				CODE_SIGN_IDENTITY = "iPhone Developer";
				COPY_PHASE_STRIP = NO;
				DEBUG_INFORMATION_FORMAT = "dwarf-with-dsym";
				ENABLE_NS_ASSERTIONS = NO;
				ENABLE_STRICT_OBJC_MSGSEND = YES;
				GCC_C_LANGUAGE_STANDARD = gnu11;
				GCC_NO_COMMON_BLOCKS = YES;
				GCC_WARN_64_TO_32_BIT_CONVERSION = YES;
				GCC_WARN_ABOUT_RETURN_TYPE = YES_ERROR;
				GCC_WARN_UNDECLARED_SELECTOR = YES;
				GCC_WARN_UNINITIALIZED_AUTOS = YES_AGGRESSIVE;
				GCC_WARN_UNUSED_FUNCTION = YES;
				GCC_WARN_UNUSED_VARIABLE = YES;
				IPHONEOS_DEPLOYMENT_TARGET = 12.1;
				MTL_ENABLE_DEBUG_INFO = NO;
				MTL_FAST_MATH = YES;
				SDKROOT = iphoneos;
				SWIFT_COMPILATION_MODE = wholemodule;
				SWIFT_OPTIMIZATION_LEVEL = "-O";
				VALIDATE_PRODUCT = YES;
			};
			name = Release;
		};
		4C580DB921A76B6F00694AF8 /* Debug */ = {
			isa = XCBuildConfiguration;
			buildSettings = {
				ASSETCATALOG_COMPILER_APPICON_NAME = AppIcon;
				CODE_SIGN_STYLE = Automatic;
				DEVELOPMENT_TEAM = W2J4UACL24;
				INFOPLIST_FILE = "Sports App/Info.plist";
				LD_RUNPATH_SEARCH_PATHS = (
					"$(inherited)",
					"@executable_path/Frameworks",
				);
				PRODUCT_BUNDLE_IDENTIFIER = "CS2680.Sports-App";
				PRODUCT_NAME = "$(TARGET_NAME)";
				SWIFT_VERSION = 4.2;
				TARGETED_DEVICE_FAMILY = "1,2";
			};
			name = Debug;
		};
		4C580DBA21A76B6F00694AF8 /* Release */ = {
			isa = XCBuildConfiguration;
			buildSettings = {
				ASSETCATALOG_COMPILER_APPICON_NAME = AppIcon;
				CODE_SIGN_STYLE = Automatic;
				DEVELOPMENT_TEAM = W2J4UACL24;
				INFOPLIST_FILE = "Sports App/Info.plist";
				LD_RUNPATH_SEARCH_PATHS = (
					"$(inherited)",
					"@executable_path/Frameworks",
				);
				PRODUCT_BUNDLE_IDENTIFIER = "CS2680.Sports-App";
				PRODUCT_NAME = "$(TARGET_NAME)";
				SWIFT_VERSION = 4.2;
				TARGETED_DEVICE_FAMILY = "1,2";
			};
			name = Release;
		};
/* End XCBuildConfiguration section */

/* Begin XCConfigurationList section */
		4C580DA121A76B6C00694AF8 /* Build configuration list for PBXProject "Sports App" */ = {
			isa = XCConfigurationList;
			buildConfigurations = (
				4C580DB621A76B6F00694AF8 /* Debug */,
				4C580DB721A76B6F00694AF8 /* Release */,
			);
			defaultConfigurationIsVisible = 0;
			defaultConfigurationName = Release;
		};
		4C580DB821A76B6F00694AF8 /* Build configuration list for PBXNativeTarget "Sports App" */ = {
			isa = XCConfigurationList;
			buildConfigurations = (
				4C580DB921A76B6F00694AF8 /* Debug */,
				4C580DBA21A76B6F00694AF8 /* Release */,
			);
			defaultConfigurationIsVisible = 0;
			defaultConfigurationName = Release;
		};
/* End XCConfigurationList section */
	};
	rootObject = 4C580D9E21A76B6C00694AF8 /* Project object */;
}
